
Microsoft Visual Studio Solution File, Format Version 12.00
# Visual Studio Version 16
VisualStudioVersion = 16.0.31624.102
MinimumVisualStudioVersion = 10.0.40219.1
Project("{FAE04EC0-301F-11D3-BF4B-00C04F79EFBC}") = "Internet_magazin", "Internet_magazin\Internet_magazin.csproj", "{EAB0B196-D07D-4C4D-AE0E-B365E8939338}"
EndProject
Global
	GlobalSection(SolutionConfigurationPlatforms) = preSolution
		Debug|Any CPU = Debug|Any CPU
		Release|Any CPU = Release|Any CPU
	EndGlobalSection
	GlobalSection(ProjectConfigurationPlatforms) = postSolution
		{EAB0B196-D07D-4C4D-AE0E-B365E8939338}.Debug|Any CPU.ActiveCfg = Debug|Any CPU
		{EAB0B196-D07D-4C4D-AE0E-B365E8939338}.Debug|Any CPU.Build.0 = Debug|Any CPU
		{EAB0B196-D07D-4C4D-AE0E-B365E8939338}.Release|Any CPU.ActiveCfg = Release|Any CPU
		{EAB0B196-D07D-4C4D-AE0E-B365E8939338}.Release|Any CPU.Build.0 = Release|Any CPU
	EndGlobalSection
	GlobalSection(SolutionProperties) = preSolution
		HideSolutionNode = FALSE
	EndGlobalSection
	GlobalSection(ExtensibilityGlobals) = postSolution
		SolutionGuid = {C35961E3-495B-4D8E-B8DD-AD2E818915DB}
	EndGlobalSection
EndGlobal
